# THIS IS AN AUTOGENERATED FILE. DO NOT EDIT THIS FILE DIRECTLY.
# yarn lockfile v1


abort-controller@^3.0.0:
  version "3.0.0"
  resolved "https://registry.npmjs.org/abort-controller/-/abort-controller-3.0.0.tgz#eaf54d53b62bae4138e809ca225c8439a6efb392"
  integrity sha512-h8lQ8tacZYnR3vNQTgibj+tODHI5/+l06Au2Pcriv/Gmet0eaj4TwWH41sO9wnHDiQsEj19q0drzdWdeAHtweg==
  dependencies:
    event-target-shim "^5.0.0"

asynckit@^0.4.0:
  version "0.4.0"
  resolved "https://registry.npmjs.org/asynckit/-/asynckit-0.4.0.tgz#c79ed97f7f34cb8f2ba1bc9790bcc366474b4b79"
  integrity sha1-x57Zf380y48robyXkLzDZkdLS3k=

base-64@^1.0.0:
  version "1.0.0"
  resolved "https://registry.npmjs.org/base-64/-/base-64-1.0.0.tgz#09d0f2084e32a3fd08c2475b973788eee6ae8f4a"
  integrity sha512-kwDPIFCGx0NZHog36dj+tHiwP4QMzsZ3AgMViUBKI0+V5n4U0ufTCUMhnQ04diaRI8EX/QcPfql7zlhZ7j4zgg==

bluebird@^3.7.2:
  version "3.7.2"
  resolved "https://registry.npmjs.org/bluebird/-/bluebird-3.7.2.tgz#9f229c15be272454ffa973ace0dbee79a1b0c36f"
  integrity sha512-XpNj6GDQzdfW+r2Wnn7xiSAd7TM3jzkxGXBGTtWKuSXv1xUV+azxAm8jdWZN06QTQk+2N2XB9jRDkvbmQmcRtg==

clone-deep@^4.0.1:
  version "4.0.1"
  resolved "https://registry.npmjs.org/clone-deep/-/clone-deep-4.0.1.tgz#c19fd9bdbbf85942b4fd979c84dcf7d5f07c2387"
  integrity sha512-neHB9xuzh/wk0dIHweyAXv2aPGZIVk3pLMe+/RNzINf17fe0OG96QroktYAUm7SM1PBnzTabaLboqqxDyMU+SQ==
  dependencies:
    is-plain-object "^2.0.4"
    kind-of "^6.0.2"
    shallow-clone "^3.0.0"

combined-stream@^1.0.8:
  version "1.0.8"
  resolved "https://registry.npmjs.org/combined-stream/-/combined-stream-1.0.8.tgz#c3d45a8b34fd730631a110a8a2520682b31d5a7f"
  integrity sha512-FQN4MRfuJeHf7cBbBMJFXhKSDq+2kAArBlmRBvcvFE5BB1HZKXtSFASDhdlz9zOYwxh8lDdnvmMOe/+5cdoEdg==
  dependencies:
    delayed-stream "~1.0.0"

data-uri-to-buffer@^3.0.1:
  version "3.0.1"
  resolved "https://registry.npmjs.org/data-uri-to-buffer/-/data-uri-to-buffer-3.0.1.tgz#594b8973938c5bc2c33046535785341abc4f3636"
  integrity sha512-WboRycPNsVw3B3TL559F7kuBUM4d8CgMEvk6xEJlOp7OBPjt6G7z8WMWlD2rOFZLk6OYfFIUGsCOWzcQH9K2og==

data-uri-to-buffer@^4.0.0:
  version "4.0.0"
  resolved "https://registry.npmjs.org/data-uri-to-buffer/-/data-uri-to-buffer-4.0.0.tgz#b5db46aea50f6176428ac05b73be39a57701a64b"
  integrity sha512-Vr3mLBA8qWmcuschSLAOogKgQ/Jwxulv3RNE4FXnYWRGujzrRWQI4m12fQqRkwX06C0KanhLr4hK+GydchZsaA==

dayjs@^1.11.1:
  version "1.11.1"
  resolved "https://registry.npmjs.org/dayjs/-/dayjs-1.11.1.tgz#90b33a3dda3417258d48ad2771b415def6545eb0"
  integrity sha512-ER7EjqVAMkRRsxNCC5YqJ9d9VQYuWdGt7aiH2qA5R5wt8ZmWaP2dLUSIK6y/kVzLMlmh1Tvu5xUf4M/wdGJ5KA==

delayed-stream@~1.0.0:
  version "1.0.0"
  resolved "https://registry.npmjs.org/delayed-stream/-/delayed-stream-1.0.0.tgz#df3ae199acadfb7d440aaae0b29e2272b24ec619"
  integrity sha1-3zrhmayt+31ECqrgsp4icrJOxhk=

event-target-shim@^5.0.0:
  version "5.0.1"
  resolved "https://registry.npmjs.org/event-target-shim/-/event-target-shim-5.0.1.tgz#5d4d3ebdf9583d63a5333ce2deb7480ab2b05789"
  integrity sha512-i/2XbnSz/uxRCU6+NdVJgKWDTM427+MqYbkQzD321DuCQJUqOuJKIA0IM2+W2xtYHdKOmZ4dR6fExsd4SXL+WQ==

fetch-blob@^2.1.1:
  version "2.1.2"
  resolved "https://registry.npmjs.org/fetch-blob/-/fetch-blob-2.1.2.tgz#a7805db1361bd44c1ef62bb57fb5fe8ea173ef3c"
  integrity sha512-YKqtUDwqLyfyMnmbw8XD6Q8j9i/HggKtPEI+pZ1+8bvheBu78biSmNaXWusx1TauGqtUUGx/cBb1mKdq2rLYow==

fetch-blob@^3.1.2, fetch-blob@^3.1.4:
  version "3.1.5"
  resolved "https://registry.npmjs.org/fetch-blob/-/fetch-blob-3.1.5.tgz#0077bf5f3fcdbd9d75a0b5362f77dbb743489863"
  integrity sha512-N64ZpKqoLejlrwkIAnb9iLSA3Vx/kjgzpcDhygcqJ2KKjky8nCgUQ+dzXtbrLaWZGZNmNfQTsiQ0weZ1svglHg==
  dependencies:
    node-domexception "^1.0.0"
    web-streams-polyfill "^3.0.3"

form-data@^4.0.0:
  version "4.0.0"
  resolved "https://registry.npmjs.org/form-data/-/form-data-4.0.0.tgz#93919daeaf361ee529584b9b31664dc12c9fa452"
  integrity sha512-ETEklSGi5t0QMZuiXoA/Q6vcnxcLQP5vdugSpuAyi6SVGi2clPPp+xgEhuMaHC+zGgn31Kd235W35f7Hykkaww==
  dependencies:
    asynckit "^0.4.0"
    combined-stream "^1.0.8"
    mime-types "^2.1.12"

formdata-polyfill@^4.0.10:
  version "4.0.10"
  resolved "https://registry.npmjs.org/formdata-polyfill/-/formdata-polyfill-4.0.10.tgz#24807c31c9d402e002ab3d8c720144ceb8848423"
  integrity sha512-buewHzMvYL29jdeQTVILecSaZKnt/RJWjoZCF5OW60Z67/GmSLBkOFM7qh1PI3zFNtJbaZL5eQu1vLfazOwj4g==
  dependencies:
    fetch-blob "^3.1.2"

is-plain-object@^2.0.4:
  version "2.0.4"
  resolved "https://registry.npmjs.org/is-plain-object/-/is-plain-object-2.0.4.tgz#2c163b3fafb1b606d9d17928f05c2a1c38e07677"
  integrity sha512-h5PpgXkWitc38BBMYawTYMWJHFZJVnBquFE57xFpjB8pJFiF6gZ+bU+WyI/yqXiFR5mdLsgYNaPe8uao6Uv9Og==
  dependencies:
    isobject "^3.0.1"

isobject@^3.0.1:
  version "3.0.1"
  resolved "https://registry.npmjs.org/isobject/-/isobject-3.0.1.tgz#4e431e92b11a9731636aa1f9c8d1ccbcfdab78df"
  integrity sha1-TkMekrEalzFjaqH5yNHMvP2reN8=

kind-of@^6.0.2:
  version "6.0.3"
  resolved "https://registry.npmjs.org/kind-of/-/kind-of-6.0.3.tgz#07c05034a6c349fa06e24fa35aa76db4580ce4dd"
  integrity sha512-dcS1ul+9tmeD95T+x28/ehLgd9mENa3LsvDTtzm3vyBEO7RPptvAD+t44WVXaUjTBRcrpFeFlC8WCruUR456hw==

ky-universal@^0.8.2:
  version "0.8.2"
  resolved "https://registry.npmjs.org/ky-universal/-/ky-universal-0.8.2.tgz#edc398d54cf495d7d6830aa1ab69559a3cc7f824"
  integrity sha512-xe0JaOH9QeYxdyGLnzUOVGK4Z6FGvDVzcXFTdrYA1f33MZdEa45sUDaMBy98xQMcsd2XIBrTXRrRYnegcSdgVQ==
  dependencies:
    abort-controller "^3.0.0"
    node-fetch "3.0.0-beta.9"

ky@^0.25.1:
  version "0.25.1"
  resolved "https://registry.npmjs.org/ky/-/ky-0.25.1.tgz#0df0bd872a9cc57e31acd5dbc1443547c881bfbc"
  integrity sha512-PjpCEWlIU7VpiMVrTwssahkYXX1by6NCT0fhTUX34F3DTinARlgMpriuroolugFPcMgpPWrOW4mTb984Qm1RXA==

mailgun.js@^5.2.2:
  version "5.2.2"
  resolved "https://registry.npmjs.org/mailgun.js/-/mailgun.js-5.2.2.tgz#3ac4fca01a1d14efc428ca85f9eedd527aa2041e"
  integrity sha512-stnq7qJSwxpbHZFHoxw+IBRMm1A+pEwxCGdRZlyujdjIy7wENX+6XHbA8syfuSaWg/gklSGUBa3IMtfzxQ8ZwQ==
  dependencies:
    base-64 "^1.0.0"
    bluebird "^3.7.2"
    ky "^0.25.1"
    ky-universal "^0.8.2"
    url-join "^4.0.1"
    web-streams-polyfill "^3.0.1"
    webpack-merge "^5.4.0"

mime-db@1.52.0:
  version "1.52.0"
  resolved "https://registry.npmjs.org/mime-db/-/mime-db-1.52.0.tgz#bbabcdc02859f4987301c856e3387ce5ec43bf70"
  integrity sha512-sPU4uV7dYlvtWJxwwxHD0PuihVNiE7TyAbQ5SWxDCB9mUYvOgroQOwYQQOKPJ8CIbE+1ETVlOoK1UC2nU3gYvg==

mime-types@^2.1.12:
  version "2.1.35"
  resolved "https://registry.npmjs.org/mime-types/-/mime-types-2.1.35.tgz#381a871b62a734450660ae3deee44813f70d959a"
  integrity sha512-ZDY+bPm5zTTF+YpCrAU9nK0UgICYPT0QtT1NZWFv4s++TNkcgVaT0g6+4R2uI4MjQjzysHB1zxuWL50hzaeXiw==
  dependencies:
    mime-db "1.52.0"

moment-timezone@^0.5.31:
  version "0.5.34"
  resolved "https://registry.npmjs.org/moment-timezone/-/moment-timezone-0.5.34.tgz#a75938f7476b88f155d3504a9343f7519d9a405c"
  integrity sha512-3zAEHh2hKUs3EXLESx/wsgw6IQdusOT8Bxm3D9UrHPQR7zlMmzwybC8zHEM1tQ4LJwP7fcxrWr8tuBg05fFCbg==
  dependencies:
    moment ">= 2.9.0"

"moment@>= 2.9.0":
  version "2.29.3"
  resolved "https://registry.npmjs.org/moment/-/moment-2.29.3.tgz#edd47411c322413999f7a5940d526de183c031f3"
  integrity sha512-c6YRvhEo//6T2Jz/vVtYzqBzwvPT95JBQ+smCytzf7c50oMZRsR/a4w88aD34I+/QVSfnoAnSBFPJHItlOMJVw==

node-cron@^3.0.0:
  version "3.0.0"
  resolved "https://registry.npmjs.org/node-cron/-/node-cron-3.0.0.tgz#b33252803e430f9cd8590cf85738efa1497a9522"
  integrity sha512-DDwIvvuCwrNiaU7HEivFDULcaQualDv7KoNlB/UU1wPW0n1tDEmBJKhEIE6DlF2FuoOHcNbLJ8ITL2Iv/3AWmA==
  dependencies:
    moment-timezone "^0.5.31"

node-domexception@^1.0.0:
  version "1.0.0"
  resolved "https://registry.npmjs.org/node-domexception/-/node-domexception-1.0.0.tgz#6888db46a1f71c0b76b3f7555016b63fe64766e5"
  integrity sha512-/jKZoMpw0F8GRwl4/eLROPA3cfcXtLApP0QzLmUT/HuPCZWyB7IY9ZrMeKw2O/nFIqPQB3PVM9aYm0F312AXDQ==

node-fetch@3.0.0-beta.9:
  version "3.0.0-beta.9"
  resolved "https://registry.npmjs.org/node-fetch/-/node-fetch-3.0.0-beta.9.tgz#0a7554cfb824380dd6812864389923c783c80d9b"
  integrity sha512-RdbZCEynH2tH46+tj0ua9caUHVWrd/RHnRfvly2EVdqGmI3ndS1Vn/xjm5KuGejDt2RNDQsVRLPNd2QPwcewVg==
  dependencies:
    data-uri-to-buffer "^3.0.1"
    fetch-blob "^2.1.1"

node-fetch@^3.2.4:
  version "3.2.4"
  resolved "https://registry.npmjs.org/node-fetch/-/node-fetch-3.2.4.tgz#3fbca2d8838111048232de54cb532bd3cf134947"
  integrity sha512-WvYJRN7mMyOLurFR2YpysQGuwYrJN+qrrpHjJDuKMcSPdfFccRUla/kng2mz6HWSBxJcqPbvatS6Gb4RhOzCJw==
  dependencies:
    data-uri-to-buffer "^4.0.0"
    fetch-blob "^3.1.4"
    formdata-polyfill "^4.0.10"

nodemailer@^6.7.5:
  version "6.7.5"
  resolved "https://registry.npmjs.org/nodemailer/-/nodemailer-6.7.5.tgz#b30b1566f5fa2249f7bd49ced4c58bec6b25915e"
  integrity sha512-6VtMpwhsrixq1HDYSBBHvW0GwiWawE75dS3oal48VqRhUvKJNnKnJo2RI/bCVQubj1vgrgscMNW4DHaD6xtMCg==

shallow-clone@^3.0.0:
  version "3.0.1"
  resolved "https://registry.npmjs.org/shallow-clone/-/shallow-clone-3.0.1.tgz#8f2981ad92531f55035b01fb230769a40e02efa3"
  integrity sha512-/6KqX+GVUdqPuPPd2LxDDxzX6CAbjJehAAOKlNpqqUpAqPM6HeL8f+o3a+JsyGjn2lv0WY8UsTgUJjU9Ok55NA==
  dependencies:
    kind-of "^6.0.2"

url-join@^4.0.1:
  version "4.0.1"
  resolved "https://registry.npmjs.org/url-join/-/url-join-4.0.1.tgz#b642e21a2646808ffa178c4c5fda39844e12cde7"
  integrity sha512-jk1+QP6ZJqyOiuEI9AEWQfju/nB2Pw466kbA0LEZljHwKeMgd9WrAEgEGxjPDD2+TNbbb37rTyhEfrCXfuKXnA==

web-streams-polyfill@^3.0.1, web-streams-polyfill@^3.0.3:
  version "3.2.1"
  resolved "https://registry.npmjs.org/web-streams-polyfill/-/web-streams-polyfill-3.2.1.tgz#71c2718c52b45fd49dbeee88634b3a60ceab42a6"
  integrity sha512-e0MO3wdXWKrLbL0DgGnUV7WHVuw9OUvL4hjgnPkIeEvESk74gAITi5G606JtZPp39cd8HA9VQzCIvA49LpPN5Q==

webpack-merge@^5.4.0:
  version "5.8.0"
  resolved "https://registry.npmjs.org/webpack-merge/-/webpack-merge-5.8.0.tgz#2b39dbf22af87776ad744c390223731d30a68f61"
  integrity sha512-/SaI7xY0831XwP6kzuwhKWVKDP9t1QY1h65lAFLbZqMPIuYcD9QAW4u9STIbU9kaJbPBB/geU/gLr1wDjOhQ+Q==
  dependencies:
    clone-deep "^4.0.1"
    wildcard "^2.0.0"

wildcard@^2.0.0:
  version "2.0.0"
  resolved "https://registry.npmjs.org/wildcard/-/wildcard-2.0.0.tgz#a77d20e5200c6faaac979e4b3aadc7b3dd7f8fec"
  integrity sha512-JcKqAHLPxcdb9KM49dufGXn2x3ssnfjbcaQdLlfZsL9rH9wgDQjUtDxbo8NE0F6SFvydeu1VhZe7hZuHsB2/pw==
